
Microsoft Visual Studio Solution File, Format Version 12.00
# Visual Studio Version 17
VisualStudioVersion = 17.6.33513.286
MinimumVisualStudioVersion = 10.0.40219.1
Project("{FAE04EC0-301F-11D3-BF4B-00C04F79EFBC}") = "BulkyBookReturns", "BulkyBookReturns\BulkyBookReturns.csproj", "{7719C1D2-35AB-4D02-815D-CF9928DB61D8}"
EndProject
Global
	GlobalSection(SolutionConfigurationPlatforms) = preSolution
		Debug|Any CPU = Debug|Any CPU
		Release|Any CPU = Release|Any CPU
	EndGlobalSection
	GlobalSection(ProjectConfigurationPlatforms) = postSolution
		{7719C1D2-35AB-4D02-815D-CF9928DB61D8}.Debug|Any CPU.ActiveCfg = Debug|Any CPU
		{7719C1D2-35AB-4D02-815D-CF9928DB61D8}.Debug|Any CPU.Build.0 = Debug|Any CPU
		{7719C1D2-35AB-4D02-815D-CF9928DB61D8}.Release|Any CPU.ActiveCfg = Release|Any CPU
		{7719C1D2-35AB-4D02-815D-CF9928DB61D8}.Release|Any CPU.Build.0 = Release|Any CPU
	EndGlobalSection
	GlobalSection(SolutionProperties) = preSolution
		HideSolutionNode = FALSE
	EndGlobalSection
	GlobalSection(ExtensibilityGlobals) = postSolution
		SolutionGuid = {1F4BACDE-2F6D-40C1-B9E4-2583D9993317}
	EndGlobalSection
EndGlobal
